
Microsoft Visual Studio Solution File, Format Version 12.00
# Visual Studio 2012
Project("{FAE04EC0-301F-11D3-BF4B-00C04F79EFBC}") = "FreeOnlineLibrary", "FreeOnlineLibrary\FreeOnlineLibrary.csproj", "{3791F6CD-2B71-4C1F-9AF3-1FB42E0050B7}"
EndProject
Project("{FAE04EC0-301F-11D3-BF4B-00C04F79EFBC}") = "DomainLayer", "DomainLayer\DomainLayer.csproj", "{1A3EFB6D-8E76-45C4-BFC8-5C495AC7B101}"
EndProject
Project("{FAE04EC0-301F-11D3-BF4B-00C04F79EFBC}") = "BusinessLayer", "BusinessLayer\BusinessLayer.csproj", "{B1FF5D22-252C-41D3-928E-DB39127BFD46}"
EndProject
Project("{FAE04EC0-301F-11D3-BF4B-00C04F79EFBC}") = "PresentationLayer", "PresentationLayer\PresentationLayer.csproj", "{2EAD950A-9E49-41CA-BE5F-510EA00E015E}"
EndProject
Project("{FAE04EC0-301F-11D3-BF4B-00C04F79EFBC}") = "DomainUnitTest", "DomainUnitTest\DomainUnitTest.csproj", "{187593B5-AFF0-4D8D-A3B7-3078412066EA}"
EndProject
Project("{2150E333-8FDC-42A3-9474-1A3956D46DE8}") = "SQL", "SQL", "{CB9A5B01-BD74-45B3-A1C2-24451F14183D}"
	ProjectSection(SolutionItems) = preProject
		TextFile1.txt = TextFile1.txt
	EndProjectSection
EndProject
Project("{FAE04EC0-301F-11D3-BF4B-00C04F79EFBC}") = "ServiceUnitTest", "ServiceUnitTest\ServiceUnitTest.csproj", "{19A7E3B7-4C64-424D-B3A8-1682346ABE77}"
EndProject
Project("{FAE04EC0-301F-11D3-BF4B-00C04F79EFBC}") = "ServiceLayer", "ServiceLayer\ServiceLayer.csproj", "{4C594B97-A269-464C-A40B-96EFF66E05E9}"
EndProject
Project("{FAE04EC0-301F-11D3-BF4B-00C04F79EFBC}") = "BusinessUnitTest", "BusinessUnitTest\BusinessUnitTest.csproj", "{9CB07010-FD9F-4AB3-8F62-E11E8CCDE65D}"
EndProject
Global
	GlobalSection(SolutionConfigurationPlatforms) = preSolution
		Debug|Any CPU = Debug|Any CPU
		Release|Any CPU = Release|Any CPU
	EndGlobalSection
	GlobalSection(ProjectConfigurationPlatforms) = postSolution
		{3791F6CD-2B71-4C1F-9AF3-1FB42E0050B7}.Debug|Any CPU.ActiveCfg = Debug|Any CPU
		{3791F6CD-2B71-4C1F-9AF3-1FB42E0050B7}.Debug|Any CPU.Build.0 = Debug|Any CPU
		{3791F6CD-2B71-4C1F-9AF3-1FB42E0050B7}.Release|Any CPU.ActiveCfg = Release|Any CPU
		{3791F6CD-2B71-4C1F-9AF3-1FB42E0050B7}.Release|Any CPU.Build.0 = Release|Any CPU
		{1A3EFB6D-8E76-45C4-BFC8-5C495AC7B101}.Debug|Any CPU.ActiveCfg = Debug|Any CPU
		{1A3EFB6D-8E76-45C4-BFC8-5C495AC7B101}.Debug|Any CPU.Build.0 = Debug|Any CPU
		{1A3EFB6D-8E76-45C4-BFC8-5C495AC7B101}.Release|Any CPU.ActiveCfg = Release|Any CPU
		{1A3EFB6D-8E76-45C4-BFC8-5C495AC7B101}.Release|Any CPU.Build.0 = Release|Any CPU
		{B1FF5D22-252C-41D3-928E-DB39127BFD46}.Debug|Any CPU.ActiveCfg = Debug|Any CPU
		{B1FF5D22-252C-41D3-928E-DB39127BFD46}.Debug|Any CPU.Build.0 = Debug|Any CPU
		{B1FF5D22-252C-41D3-928E-DB39127BFD46}.Release|Any CPU.ActiveCfg = Release|Any CPU
		{B1FF5D22-252C-41D3-928E-DB39127BFD46}.Release|Any CPU.Build.0 = Release|Any CPU
		{2EAD950A-9E49-41CA-BE5F-510EA00E015E}.Debug|Any CPU.ActiveCfg = Debug|Any CPU
		{2EAD950A-9E49-41CA-BE5F-510EA00E015E}.Debug|Any CPU.Build.0 = Debug|Any CPU
		{2EAD950A-9E49-41CA-BE5F-510EA00E015E}.Release|Any CPU.ActiveCfg = Release|Any CPU
		{2EAD950A-9E49-41CA-BE5F-510EA00E015E}.Release|Any CPU.Build.0 = Release|Any CPU
		{187593B5-AFF0-4D8D-A3B7-3078412066EA}.Debug|Any CPU.ActiveCfg = Debug|Any CPU
		{187593B5-AFF0-4D8D-A3B7-3078412066EA}.Debug|Any CPU.Build.0 = Debug|Any CPU
		{187593B5-AFF0-4D8D-A3B7-3078412066EA}.Release|Any CPU.ActiveCfg = Release|Any CPU
		{187593B5-AFF0-4D8D-A3B7-3078412066EA}.Release|Any CPU.Build.0 = Release|Any CPU
		{19A7E3B7-4C64-424D-B3A8-1682346ABE77}.Debug|Any CPU.ActiveCfg = Debug|Any CPU
		{19A7E3B7-4C64-424D-B3A8-1682346ABE77}.Debug|Any CPU.Build.0 = Debug|Any CPU
		{19A7E3B7-4C64-424D-B3A8-1682346ABE77}.Release|Any CPU.ActiveCfg = Release|Any CPU
		{19A7E3B7-4C64-424D-B3A8-1682346ABE77}.Release|Any CPU.Build.0 = Release|Any CPU
		{4C594B97-A269-464C-A40B-96EFF66E05E9}.Debug|Any CPU.ActiveCfg = Debug|Any CPU
		{4C594B97-A269-464C-A40B-96EFF66E05E9}.Debug|Any CPU.Build.0 = Debug|Any CPU
		{4C594B97-A269-464C-A40B-96EFF66E05E9}.Release|Any CPU.ActiveCfg = Release|Any CPU
		{4C594B97-A269-464C-A40B-96EFF66E05E9}.Release|Any CPU.Build.0 = Release|Any CPU
		{9CB07010-FD9F-4AB3-8F62-E11E8CCDE65D}.Debug|Any CPU.ActiveCfg = Debug|Any CPU
		{9CB07010-FD9F-4AB3-8F62-E11E8CCDE65D}.Debug|Any CPU.Build.0 = Debug|Any CPU
		{9CB07010-FD9F-4AB3-8F62-E11E8CCDE65D}.Release|Any CPU.ActiveCfg = Release|Any CPU
		{9CB07010-FD9F-4AB3-8F62-E11E8CCDE65D}.Release|Any CPU.Build.0 = Release|Any CPU
	EndGlobalSection
	GlobalSection(SolutionProperties) = preSolution
		HideSolutionNode = FALSE
	EndGlobalSection
EndGlobal
